// !$*UTF8*$!
{
	archiveVersion = 1;
	classes = {
	};
	objectVersion = 46;
	objects = {

/* Begin PBXBuildFile section */
		D56E979F16ED113900A82296 /* UIKit.framework in Frameworks */ = {isa = PBXBuildFile; fileRef = D56E979E16ED113900A82296 /* UIKit.framework */; };
		D56E97A116ED113900A82296 /* Foundation.framework in Frameworks */ = {isa = PBXBuildFile; fileRef = D56E97A016ED113900A82296 /* Foundation.framework */; };
		D56E97A316ED113900A82296 /* CoreGraphics.framework in Frameworks */ = {isa = PBXBuildFile; fileRef = D56E97A216ED113900A82296 /* CoreGraphics.framework */; };
		D56E97A916ED113900A82296 /* InfoPlist.strings in Resources */ = {isa = PBXBuildFile; fileRef = D56E97A716ED113900A82296 /* InfoPlist.strings */; };
		D56E97AB16ED113900A82296 /* main.m in Sources */ = {isa = PBXBuildFile; fileRef = D56E97AA16ED113900A82296 /* main.m */; };
		D56E97AF16ED113900A82296 /* AppDelegate.m in Sources */ = {isa = PBXBuildFile; fileRef = D56E97AE16ED113900A82296 /* AppDelegate.m */; };
		D56E97B116ED113900A82296 /* Default.png in Resources */ = {isa = PBXBuildFile; fileRef = D56E97B016ED113900A82296 /* Default.png */; };
		D56E97B316ED113900A82296 /* Default@2x.png in Resources */ = {isa = PBXBuildFile; fileRef = D56E97B216ED113900A82296 /* Default@2x.png */; };
		D56E97B516ED113900A82296 /* Default-568h@2x.png in Resources */ = {isa = PBXBuildFile; fileRef = D56E97B416ED113900A82296 /* Default-568h@2x.png */; };
		D56E97B816ED113900A82296 /* RootController.m in Sources */ = {isa = PBXBuildFile; fileRef = D56E97B716ED113900A82296 /* RootController.m */; };
		D56E97BB16ED113900A82296 /* RootController.xib in Resources */ = {isa = PBXBuildFile; fileRef = D56E97B916ED113900A82296 /* RootController.xib */; };
		D56E97C416ED150700A82296 /* AdicionarController.m in Sources */ = {isa = PBXBuildFile; fileRef = D56E97C216ED150700A82296 /* AdicionarController.m */; };
		D56E97C516ED150700A82296 /* AdicionarController.xib in Resources */ = {isa = PBXBuildFile; fileRef = D56E97C316ED150700A82296 /* AdicionarController.xib */; };
		D56E97C916ED383C00A82296 /* ConfiguracoesController.m in Sources */ = {isa = PBXBuildFile; fileRef = D56E97C716ED383C00A82296 /* ConfiguracoesController.m */; };
		D56E97CA16ED383C00A82296 /* ConfiguracoesController.xib in Resources */ = {isa = PBXBuildFile; fileRef = D56E97C816ED383C00A82296 /* ConfiguracoesController.xib */; };
		D56E97CE16ED3A1500A82296 /* DadosAcessoController.m in Sources */ = {isa = PBXBuildFile; fileRef = D56E97CC16ED3A1500A82296 /* DadosAcessoController.m */; };
		D56E97CF16ED3A1500A82296 /* DadosAcessoController.xib in Resources */ = {isa = PBXBuildFile; fileRef = D56E97CD16ED3A1500A82296 /* DadosAcessoController.xib */; };
/* End PBXBuildFile section */

/* Begin PBXFileReference section */
		D56E979B16ED113900A82296 /* NavigationControllerDemo.app */ = {isa = PBXFileReference; explicitFileType = wrapper.application; includeInIndex = 0; path = NavigationControllerDemo.app; sourceTree = BUILT_PRODUCTS_DIR; };
		D56E979E16ED113900A82296 /* UIKit.framework */ = {isa = PBXFileReference; lastKnownFileType = wrapper.framework; name = UIKit.framework; path = System/Library/Frameworks/UIKit.framework; sourceTree = SDKROOT; };
		D56E97A016ED113900A82296 /* Foundation.framework */ = {isa = PBXFileReference; lastKnownFileType = wrapper.framework; name = Foundation.framework; path = System/Library/Frameworks/Foundation.framework; sourceTree = SDKROOT; };
		D56E97A216ED113900A82296 /* CoreGraphics.framework */ = {isa = PBXFileReference; lastKnownFileType = wrapper.framework; name = CoreGraphics.framework; path = System/Library/Frameworks/CoreGraphics.framework; sourceTree = SDKROOT; };
		D56E97A616ED113900A82296 /* NavigationControllerDemo-Info.plist */ = {isa = PBXFileReference; lastKnownFileType = text.plist.xml; path = "NavigationControllerDemo-Info.plist"; sourceTree = "<group>"; };
		D56E97A816ED113900A82296 /* en */ = {isa = PBXFileReference; lastKnownFileType = text.plist.strings; name = en; path = en.lproj/InfoPlist.strings; sourceTree = "<group>"; };
		D56E97AA16ED113900A82296 /* main.m */ = {isa = PBXFileReference; lastKnownFileType = sourcecode.c.objc; path = main.m; sourceTree = "<group>"; };
		D56E97AC16ED113900A82296 /* NavigationControllerDemo-Prefix.pch */ = {isa = PBXFileReference; lastKnownFileType = sourcecode.c.h; path = "NavigationControllerDemo-Prefix.pch"; sourceTree = "<group>"; };
		D56E97AD16ED113900A82296 /* AppDelegate.h */ = {isa = PBXFileReference; lastKnownFileType = sourcecode.c.h; path = AppDelegate.h; sourceTree = "<group>"; };
		D56E97AE16ED113900A82296 /* AppDelegate.m */ = {isa = PBXFileReference; lastKnownFileType = sourcecode.c.objc; path = AppDelegate.m; sourceTree = "<group>"; };
		D56E97B016ED113900A82296 /* Default.png */ = {isa = PBXFileReference; lastKnownFileType = image.png; path = Default.png; sourceTree = "<group>"; };
		D56E97B216ED113900A82296 /* Default@2x.png */ = {isa = PBXFileReference; lastKnownFileType = image.png; path = "Default@2x.png"; sourceTree = "<group>"; };
		D56E97B416ED113900A82296 /* Default-568h@2x.png */ = {isa = PBXFileReference; lastKnownFileType = image.png; path = "Default-568h@2x.png"; sourceTree = "<group>"; };
		D56E97B616ED113900A82296 /* RootController.h */ = {isa = PBXFileReference; lastKnownFileType = sourcecode.c.h; path = RootController.h; sourceTree = "<group>"; };
		D56E97B716ED113900A82296 /* RootController.m */ = {isa = PBXFileReference; lastKnownFileType = sourcecode.c.objc; path = RootController.m; sourceTree = "<group>"; };
		D56E97BA16ED113900A82296 /* en */ = {isa = PBXFileReference; lastKnownFileType = file.xib; name = en; path = en.lproj/RootController.xib; sourceTree = "<group>"; };
		D56E97C116ED150700A82296 /* AdicionarController.h */ = {isa = PBXFileReference; fileEncoding = 4; lastKnownFileType = sourcecode.c.h; path = AdicionarController.h; sourceTree = "<group>"; };
		D56E97C216ED150700A82296 /* AdicionarController.m */ = {isa = PBXFileReference; fileEncoding = 4; lastKnownFileType = sourcecode.c.objc; path = AdicionarController.m; sourceTree = "<group>"; };
		D56E97C316ED150700A82296 /* AdicionarController.xib */ = {isa = PBXFileReference; fileEncoding = 4; lastKnownFileType = file.xib; path = AdicionarController.xib; sourceTree = "<group>"; };
		D56E97C616ED383C00A82296 /* ConfiguracoesController.h */ = {isa = PBXFileReference; fileEncoding = 4; lastKnownFileType = sourcecode.c.h; path = ConfiguracoesController.h; sourceTree = "<group>"; };
		D56E97C716ED383C00A82296 /* ConfiguracoesController.m */ = {isa = PBXFileReference; fileEncoding = 4; lastKnownFileType = sourcecode.c.objc; path = ConfiguracoesController.m; sourceTree = "<group>"; };
		D56E97C816ED383C00A82296 /* ConfiguracoesController.xib */ = {isa = PBXFileReference; fileEncoding = 4; lastKnownFileType = file.xib; path = ConfiguracoesController.xib; sourceTree = "<group>"; };
		D56E97CB16ED3A1500A82296 /* DadosAcessoController.h */ = {isa = PBXFileReference; fileEncoding = 4; lastKnownFileType = sourcecode.c.h; path = DadosAcessoController.h; sourceTree = "<group>"; };
		D56E97CC16ED3A1500A82296 /* DadosAcessoController.m */ = {isa = PBXFileReference; fileEncoding = 4; lastKnownFileType = sourcecode.c.objc; path = DadosAcessoController.m; sourceTree = "<group>"; };
		D56E97CD16ED3A1500A82296 /* DadosAcessoController.xib */ = {isa = PBXFileReference; fileEncoding = 4; lastKnownFileType = file.xib; path = DadosAcessoController.xib; sourceTree = "<group>"; };
/* End PBXFileReference section */

/* Begin PBXFrameworksBuildPhase section */
		D56E979816ED113900A82296 /* Frameworks */ = {
			isa = PBXFrameworksBuildPhase;
			buildActionMask = 2147483647;
			files = (
				D56E979F16ED113900A82296 /* UIKit.framework in Frameworks */,
				D56E97A116ED113900A82296 /* Foundation.framework in Frameworks */,
				D56E97A316ED113900A82296 /* CoreGraphics.framework in Frameworks */,
			);
			runOnlyForDeploymentPostprocessing = 0;
		};
/* End PBXFrameworksBuildPhase section */

/* Begin PBXGroup section */
		D56E979216ED113900A82296 = {
			isa = PBXGroup;
			children = (
				D56E97A416ED113900A82296 /* NavigationControllerDemo */,
				D56E979D16ED113900A82296 /* Frameworks */,
				D56E979C16ED113900A82296 /* Products */,
			);
			sourceTree = "<group>";
		};
		D56E979C16ED113900A82296 /* Products */ = {
			isa = PBXGroup;
			children = (
				D56E979B16ED113900A82296 /* NavigationControllerDemo.app */,
			);
			name = Products;
			sourceTree = "<group>";
		};
		D56E979D16ED113900A82296 /* Frameworks */ = {
			isa = PBXGroup;
			children = (
				D56E979E16ED113900A82296 /* UIKit.framework */,
				D56E97A016ED113900A82296 /* Foundation.framework */,
				D56E97A216ED113900A82296 /* CoreGraphics.framework */,
			);
			name = Frameworks;
			sourceTree = "<group>";
		};
		D56E97A416ED113900A82296 /* NavigationControllerDemo */ = {
			isa = PBXGroup;
			children = (
				D56E97AD16ED113900A82296 /* AppDelegate.h */,
				D56E97AE16ED113900A82296 /* AppDelegate.m */,
				D56E97B616ED113900A82296 /* RootController.h */,
				D56E97B716ED113900A82296 /* RootController.m */,
				D56E97B916ED113900A82296 /* RootController.xib */,
				D56E97C616ED383C00A82296 /* ConfiguracoesController.h */,
				D56E97C716ED383C00A82296 /* ConfiguracoesController.m */,
				D56E97C816ED383C00A82296 /* ConfiguracoesController.xib */,
				D56E97CB16ED3A1500A82296 /* DadosAcessoController.h */,
				D56E97CC16ED3A1500A82296 /* DadosAcessoController.m */,
				D56E97CD16ED3A1500A82296 /* DadosAcessoController.xib */,
				D56E97C116ED150700A82296 /* AdicionarController.h */,
				D56E97C216ED150700A82296 /* AdicionarController.m */,
				D56E97C316ED150700A82296 /* AdicionarController.xib */,
				D56E97A516ED113900A82296 /* Supporting Files */,
			);
			path = NavigationControllerDemo;
			sourceTree = "<group>";
		};
		D56E97A516ED113900A82296 /* Supporting Files */ = {
			isa = PBXGroup;
			children = (
				D56E97A616ED113900A82296 /* NavigationControllerDemo-Info.plist */,
				D56E97A716ED113900A82296 /* InfoPlist.strings */,
				D56E97AA16ED113900A82296 /* main.m */,
				D56E97AC16ED113900A82296 /* NavigationControllerDemo-Prefix.pch */,
				D56E97B016ED113900A82296 /* Default.png */,
				D56E97B216ED113900A82296 /* Default@2x.png */,
				D56E97B416ED113900A82296 /* Default-568h@2x.png */,
			);
			name = "Supporting Files";
			sourceTree = "<group>";
		};
/* End PBXGroup section */

/* Begin PBXNativeTarget section */
		D56E979A16ED113900A82296 /* NavigationControllerDemo */ = {
			isa = PBXNativeTarget;
			buildConfigurationList = D56E97BE16ED113900A82296 /* Build configuration list for PBXNativeTarget "NavigationControllerDemo" */;
			buildPhases = (
				D56E979716ED113900A82296 /* Sources */,
				D56E979816ED113900A82296 /* Frameworks */,
				D56E979916ED113900A82296 /* Resources */,
			);
			buildRules = (
			);
			dependencies = (
			);
			name = NavigationControllerDemo;
			productName = NavigationControllerDemo;
			productReference = D56E979B16ED113900A82296 /* NavigationControllerDemo.app */;
			productType = "com.apple.product-type.application";
		};
/* End PBXNativeTarget section */

/* Begin PBXProject section */
		D56E979316ED113900A82296 /* Project object */ = {
			isa = PBXProject;
			attributes = {
				LastUpgradeCheck = 0460;
				ORGANIZATIONNAME = "Lucas Augusto da Silva";
			};
			buildConfigurationList = D56E979616ED113900A82296 /* Build configuration list for PBXProject "NavigationControllerDemo" */;
			compatibilityVersion = "Xcode 3.2";
			developmentRegion = English;
			hasScannedForEncodings = 0;
			knownRegions = (
				en,
			);
			mainGroup = D56E979216ED113900A82296;
			productRefGroup = D56E979C16ED113900A82296 /* Products */;
			projectDirPath = "";
			projectRoot = "";
			targets = (
				D56E979A16ED113900A82296 /* NavigationControllerDemo */,
			);
		};
/* End PBXProject section */

/* Begin PBXResourcesBuildPhase section */
		D56E979916ED113900A82296 /* Resources */ = {
			isa = PBXResourcesBuildPhase;
			buildActionMask = 2147483647;
			files = (
				D56E97A916ED113900A82296 /* InfoPlist.strings in Resources */,
				D56E97B116ED113900A82296 /* Default.png in Resources */,
				D56E97B316ED113900A82296 /* Default@2x.png in Resources */,
				D56E97B516ED113900A82296 /* Default-568h@2x.png in Resources */,
				D56E97BB16ED113900A82296 /* RootController.xib in Resources */,
				D56E97C516ED150700A82296 /* AdicionarController.xib in Resources */,
				D56E97CA16ED383C00A82296 /* ConfiguracoesController.xib in Resources */,
				D56E97CF16ED3A1500A82296 /* DadosAcessoController.xib in Resources */,
			);
			runOnlyForDeploymentPostprocessing = 0;
		};
/* End PBXResourcesBuildPhase section */

/* Begin PBXSourcesBuildPhase section */
		D56E979716ED113900A82296 /* Sources */ = {
			isa = PBXSourcesBuildPhase;
			buildActionMask = 2147483647;
			files = (
				D56E97AB16ED113900A82296 /* main.m in Sources */,
				D56E97AF16ED113900A82296 /* AppDelegate.m in Sources */,
				D56E97B816ED113900A82296 /* RootController.m in Sources */,
				D56E97C416ED150700A82296 /* AdicionarController.m in Sources */,
				D56E97C916ED383C00A82296 /* ConfiguracoesController.m in Sources */,
				D56E97CE16ED3A1500A82296 /* DadosAcessoController.m in Sources */,
			);
			runOnlyForDeploymentPostprocessing = 0;
		};
/* End PBXSourcesBuildPhase section */

/* Begin PBXVariantGroup section */
		D56E97A716ED113900A82296 /* InfoPlist.strings */ = {
			isa = PBXVariantGroup;
			children = (
				D56E97A816ED113900A82296 /* en */,
			);
			name = InfoPlist.strings;
			sourceTree = "<group>";
		};
		D56E97B916ED113900A82296 /* RootController.xib */ = {
			isa = PBXVariantGroup;
			children = (
				D56E97BA16ED113900A82296 /* en */,
			);
			name = RootController.xib;
			sourceTree = "<group>";
		};
/* End PBXVariantGroup section */

/* Begin XCBuildConfiguration section */
		D56E97BC16ED113900A82296 /* Debug */ = {
			isa = XCBuildConfiguration;
			buildSettings = {
				ALWAYS_SEARCH_USER_PATHS = NO;
				CLANG_CXX_LANGUAGE_STANDARD = "gnu++0x";
				CLANG_CXX_LIBRARY = "libc++";
				CLANG_WARN_CONSTANT_CONVERSION = YES;
				CLANG_WARN_EMPTY_BODY = YES;
				CLANG_WARN_ENUM_CONVERSION = YES;
				CLANG_WARN_INT_CONVERSION = YES;
				CLANG_WARN__DUPLICATE_METHOD_MATCH = YES;
				"CODE_SIGN_IDENTITY[sdk=iphoneos*]" = "iPhone Developer";
				COPY_PHASE_STRIP = NO;
				GCC_C_LANGUAGE_STANDARD = gnu99;
				GCC_DYNAMIC_NO_PIC = NO;
				GCC_OPTIMIZATION_LEVEL = 0;
				GCC_PREPROCESSOR_DEFINITIONS = (
					"DEBUG=1",
					"$(inherited)",
				);
				GCC_SYMBOLS_PRIVATE_EXTERN = NO;
				GCC_WARN_ABOUT_RETURN_TYPE = YES;
				GCC_WARN_UNINITIALIZED_AUTOS = YES;
				GCC_WARN_UNUSED_VARIABLE = YES;
				IPHONEOS_DEPLOYMENT_TARGET = 6.1;
				ONLY_ACTIVE_ARCH = YES;
				SDKROOT = iphoneos;
			};
			name = Debug;
		};
		D56E97BD16ED113900A82296 /* Release */ = {
			isa = XCBuildConfiguration;
			buildSettings = {
				ALWAYS_SEARCH_USER_PATHS = NO;
				CLANG_CXX_LANGUAGE_STANDARD = "gnu++0x";
				CLANG_CXX_LIBRARY = "libc++";
				CLANG_WARN_CONSTANT_CONVERSION = YES;
				CLANG_WARN_EMPTY_BODY = YES;
				CLANG_WARN_ENUM_CONVERSION = YES;
				CLANG_WARN_INT_CONVERSION = YES;
				CLANG_WARN__DUPLICATE_METHOD_MATCH = YES;
				"CODE_SIGN_IDENTITY[sdk=iphoneos*]" = "iPhone Developer";
				COPY_PHASE_STRIP = YES;
				GCC_C_LANGUAGE_STANDARD = gnu99;
				GCC_WARN_ABOUT_RETURN_TYPE = YES;
				GCC_WARN_UNINITIALIZED_AUTOS = YES;
				GCC_WARN_UNUSED_VARIABLE = YES;
				IPHONEOS_DEPLOYMENT_TARGET = 6.1;
				OTHER_CFLAGS = "-DNS_BLOCK_ASSERTIONS=1";
				SDKROOT = iphoneos;
				VALIDATE_PRODUCT = YES;
			};
			name = Release;
		};
		D56E97BF16ED113900A82296 /* Debug */ = {
			isa = XCBuildConfiguration;
			buildSettings = {
				GCC_PRECOMPILE_PREFIX_HEADER = YES;
				GCC_PREFIX_HEADER = "NavigationControllerDemo/NavigationControllerDemo-Prefix.pch";
				INFOPLIST_FILE = "NavigationControllerDemo/NavigationControllerDemo-Info.plist";
				PRODUCT_NAME = "$(TARGET_NAME)";
				WRAPPER_EXTENSION = app;
			};
			name = Debug;
		};
		D56E97C016ED113900A82296 /* Release */ = {
			isa = XCBuildConfiguration;
			buildSettings = {
				GCC_PRECOMPILE_PREFIX_HEADER = YES;
				GCC_PREFIX_HEADER = "NavigationControllerDemo/NavigationControllerDemo-Prefix.pch";
				INFOPLIST_FILE = "NavigationControllerDemo/NavigationControllerDemo-Info.plist";
				PRODUCT_NAME = "$(TARGET_NAME)";
				WRAPPER_EXTENSION = app;
			};
			name = Release;
		};
/* End XCBuildConfiguration section */

/* Begin XCConfigurationList section */
		D56E979616ED113900A82296 /* Build configuration list for PBXProject "NavigationControllerDemo" */ = {
			isa = XCConfigurationList;
			buildConfigurations = (
				D56E97BC16ED113900A82296 /* Debug */,
				D56E97BD16ED113900A82296 /* Release */,
			);
			defaultConfigurationIsVisible = 0;
			defaultConfigurationName = Release;
		};
		D56E97BE16ED113900A82296 /* Build configuration list for PBXNativeTarget "NavigationControllerDemo" */ = {
			isa = XCConfigurationList;
			buildConfigurations = (
				D56E97BF16ED113900A82296 /* Debug */,
				D56E97C016ED113900A82296 /* Release */,
			);
			defaultConfigurationIsVisible = 0;
		};
/* End XCConfigurationList section */
	};
	rootObject = D56E979316ED113900A82296 /* Project object */;
}
