// !$*UTF8*$!
{
	archiveVersion = 1;
	classes = {
	};
	objectVersion = 46;
	objects = {

/* Begin PBXBuildFile section */
		D56E976B16EBF27500A82296 /* UIKit.framework in Frameworks */ = {isa = PBXBuildFile; fileRef = D56E976A16EBF27500A82296 /* UIKit.framework */; };
		D56E976D16EBF27500A82296 /* Foundation.framework in Frameworks */ = {isa = PBXBuildFile; fileRef = D56E976C16EBF27500A82296 /* Foundation.framework */; };
		D56E976F16EBF27500A82296 /* CoreGraphics.framework in Frameworks */ = {isa = PBXBuildFile; fileRef = D56E976E16EBF27500A82296 /* CoreGraphics.framework */; };
		D56E977516EBF27500A82296 /* InfoPlist.strings in Resources */ = {isa = PBXBuildFile; fileRef = D56E977316EBF27500A82296 /* InfoPlist.strings */; };
		D56E977716EBF27500A82296 /* main.m in Sources */ = {isa = PBXBuildFile; fileRef = D56E977616EBF27500A82296 /* main.m */; };
		D56E977B16EBF27500A82296 /* AppDelegate.m in Sources */ = {isa = PBXBuildFile; fileRef = D56E977A16EBF27500A82296 /* AppDelegate.m */; };
		D56E977D16EBF27500A82296 /* Default.png in Resources */ = {isa = PBXBuildFile; fileRef = D56E977C16EBF27500A82296 /* Default.png */; };
		D56E977F16EBF27500A82296 /* Default@2x.png in Resources */ = {isa = PBXBuildFile; fileRef = D56E977E16EBF27500A82296 /* Default@2x.png */; };
		D56E978116EBF27500A82296 /* Default-568h@2x.png in Resources */ = {isa = PBXBuildFile; fileRef = D56E978016EBF27500A82296 /* Default-568h@2x.png */; };
		D56E978416EBF27500A82296 /* ViewController.m in Sources */ = {isa = PBXBuildFile; fileRef = D56E978316EBF27500A82296 /* ViewController.m */; };
		D56E978716EBF27500A82296 /* ViewController.xib in Resources */ = {isa = PBXBuildFile; fileRef = D56E978516EBF27500A82296 /* ViewController.xib */; };
		D56E979016EC32AE00A82296 /* OpcoesController.m in Sources */ = {isa = PBXBuildFile; fileRef = D56E978E16EC32AE00A82296 /* OpcoesController.m */; };
		D56E979116EC32AE00A82296 /* OpcoesController.xib in Resources */ = {isa = PBXBuildFile; fileRef = D56E978F16EC32AE00A82296 /* OpcoesController.xib */; };
/* End PBXBuildFile section */

/* Begin PBXFileReference section */
		D56E976716EBF27500A82296 /* ViewControllerAnimations.app */ = {isa = PBXFileReference; explicitFileType = wrapper.application; includeInIndex = 0; path = ViewControllerAnimations.app; sourceTree = BUILT_PRODUCTS_DIR; };
		D56E976A16EBF27500A82296 /* UIKit.framework */ = {isa = PBXFileReference; lastKnownFileType = wrapper.framework; name = UIKit.framework; path = System/Library/Frameworks/UIKit.framework; sourceTree = SDKROOT; };
		D56E976C16EBF27500A82296 /* Foundation.framework */ = {isa = PBXFileReference; lastKnownFileType = wrapper.framework; name = Foundation.framework; path = System/Library/Frameworks/Foundation.framework; sourceTree = SDKROOT; };
		D56E976E16EBF27500A82296 /* CoreGraphics.framework */ = {isa = PBXFileReference; lastKnownFileType = wrapper.framework; name = CoreGraphics.framework; path = System/Library/Frameworks/CoreGraphics.framework; sourceTree = SDKROOT; };
		D56E977216EBF27500A82296 /* ViewControllerAnimations-Info.plist */ = {isa = PBXFileReference; lastKnownFileType = text.plist.xml; path = "ViewControllerAnimations-Info.plist"; sourceTree = "<group>"; };
		D56E977416EBF27500A82296 /* en */ = {isa = PBXFileReference; lastKnownFileType = text.plist.strings; name = en; path = en.lproj/InfoPlist.strings; sourceTree = "<group>"; };
		D56E977616EBF27500A82296 /* main.m */ = {isa = PBXFileReference; lastKnownFileType = sourcecode.c.objc; path = main.m; sourceTree = "<group>"; };
		D56E977816EBF27500A82296 /* ViewControllerAnimations-Prefix.pch */ = {isa = PBXFileReference; lastKnownFileType = sourcecode.c.h; path = "ViewControllerAnimations-Prefix.pch"; sourceTree = "<group>"; };
		D56E977916EBF27500A82296 /* AppDelegate.h */ = {isa = PBXFileReference; lastKnownFileType = sourcecode.c.h; path = AppDelegate.h; sourceTree = "<group>"; };
		D56E977A16EBF27500A82296 /* AppDelegate.m */ = {isa = PBXFileReference; lastKnownFileType = sourcecode.c.objc; path = AppDelegate.m; sourceTree = "<group>"; };
		D56E977C16EBF27500A82296 /* Default.png */ = {isa = PBXFileReference; lastKnownFileType = image.png; path = Default.png; sourceTree = "<group>"; };
		D56E977E16EBF27500A82296 /* Default@2x.png */ = {isa = PBXFileReference; lastKnownFileType = image.png; path = "Default@2x.png"; sourceTree = "<group>"; };
		D56E978016EBF27500A82296 /* Default-568h@2x.png */ = {isa = PBXFileReference; lastKnownFileType = image.png; path = "Default-568h@2x.png"; sourceTree = "<group>"; };
		D56E978216EBF27500A82296 /* ViewController.h */ = {isa = PBXFileReference; lastKnownFileType = sourcecode.c.h; path = ViewController.h; sourceTree = "<group>"; };
		D56E978316EBF27500A82296 /* ViewController.m */ = {isa = PBXFileReference; lastKnownFileType = sourcecode.c.objc; path = ViewController.m; sourceTree = "<group>"; };
		D56E978616EBF27500A82296 /* en */ = {isa = PBXFileReference; lastKnownFileType = file.xib; name = en; path = en.lproj/ViewController.xib; sourceTree = "<group>"; };
		D56E978D16EC32AE00A82296 /* OpcoesController.h */ = {isa = PBXFileReference; fileEncoding = 4; lastKnownFileType = sourcecode.c.h; path = OpcoesController.h; sourceTree = "<group>"; };
		D56E978E16EC32AE00A82296 /* OpcoesController.m */ = {isa = PBXFileReference; fileEncoding = 4; lastKnownFileType = sourcecode.c.objc; path = OpcoesController.m; sourceTree = "<group>"; };
		D56E978F16EC32AE00A82296 /* OpcoesController.xib */ = {isa = PBXFileReference; fileEncoding = 4; lastKnownFileType = file.xib; path = OpcoesController.xib; sourceTree = "<group>"; };
/* End PBXFileReference section */

/* Begin PBXFrameworksBuildPhase section */
		D56E976416EBF27500A82296 /* Frameworks */ = {
			isa = PBXFrameworksBuildPhase;
			buildActionMask = 2147483647;
			files = (
				D56E976B16EBF27500A82296 /* UIKit.framework in Frameworks */,
				D56E976D16EBF27500A82296 /* Foundation.framework in Frameworks */,
				D56E976F16EBF27500A82296 /* CoreGraphics.framework in Frameworks */,
			);
			runOnlyForDeploymentPostprocessing = 0;
		};
/* End PBXFrameworksBuildPhase section */

/* Begin PBXGroup section */
		D56E975E16EBF27500A82296 = {
			isa = PBXGroup;
			children = (
				D56E977016EBF27500A82296 /* ViewControllerAnimations */,
				D56E976916EBF27500A82296 /* Frameworks */,
				D56E976816EBF27500A82296 /* Products */,
			);
			sourceTree = "<group>";
		};
		D56E976816EBF27500A82296 /* Products */ = {
			isa = PBXGroup;
			children = (
				D56E976716EBF27500A82296 /* ViewControllerAnimations.app */,
			);
			name = Products;
			sourceTree = "<group>";
		};
		D56E976916EBF27500A82296 /* Frameworks */ = {
			isa = PBXGroup;
			children = (
				D56E976A16EBF27500A82296 /* UIKit.framework */,
				D56E976C16EBF27500A82296 /* Foundation.framework */,
				D56E976E16EBF27500A82296 /* CoreGraphics.framework */,
			);
			name = Frameworks;
			sourceTree = "<group>";
		};
		D56E977016EBF27500A82296 /* ViewControllerAnimations */ = {
			isa = PBXGroup;
			children = (
				D56E977916EBF27500A82296 /* AppDelegate.h */,
				D56E977A16EBF27500A82296 /* AppDelegate.m */,
				D56E978216EBF27500A82296 /* ViewController.h */,
				D56E978316EBF27500A82296 /* ViewController.m */,
				D56E978516EBF27500A82296 /* ViewController.xib */,
				D56E978D16EC32AE00A82296 /* OpcoesController.h */,
				D56E978E16EC32AE00A82296 /* OpcoesController.m */,
				D56E978F16EC32AE00A82296 /* OpcoesController.xib */,
				D56E977116EBF27500A82296 /* Supporting Files */,
			);
			path = ViewControllerAnimations;
			sourceTree = "<group>";
		};
		D56E977116EBF27500A82296 /* Supporting Files */ = {
			isa = PBXGroup;
			children = (
				D56E977216EBF27500A82296 /* ViewControllerAnimations-Info.plist */,
				D56E977316EBF27500A82296 /* InfoPlist.strings */,
				D56E977616EBF27500A82296 /* main.m */,
				D56E977816EBF27500A82296 /* ViewControllerAnimations-Prefix.pch */,
				D56E977C16EBF27500A82296 /* Default.png */,
				D56E977E16EBF27500A82296 /* Default@2x.png */,
				D56E978016EBF27500A82296 /* Default-568h@2x.png */,
			);
			name = "Supporting Files";
			sourceTree = "<group>";
		};
/* End PBXGroup section */

/* Begin PBXNativeTarget section */
		D56E976616EBF27500A82296 /* ViewControllerAnimations */ = {
			isa = PBXNativeTarget;
			buildConfigurationList = D56E978A16EBF27500A82296 /* Build configuration list for PBXNativeTarget "ViewControllerAnimations" */;
			buildPhases = (
				D56E976316EBF27500A82296 /* Sources */,
				D56E976416EBF27500A82296 /* Frameworks */,
				D56E976516EBF27500A82296 /* Resources */,
			);
			buildRules = (
			);
			dependencies = (
			);
			name = ViewControllerAnimations;
			productName = ViewControllerAnimations;
			productReference = D56E976716EBF27500A82296 /* ViewControllerAnimations.app */;
			productType = "com.apple.product-type.application";
		};
/* End PBXNativeTarget section */

/* Begin PBXProject section */
		D56E975F16EBF27500A82296 /* Project object */ = {
			isa = PBXProject;
			attributes = {
				LastUpgradeCheck = 0460;
				ORGANIZATIONNAME = "Lucas Augusto da Silva";
			};
			buildConfigurationList = D56E976216EBF27500A82296 /* Build configuration list for PBXProject "ViewControllerAnimations" */;
			compatibilityVersion = "Xcode 3.2";
			developmentRegion = English;
			hasScannedForEncodings = 0;
			knownRegions = (
				en,
			);
			mainGroup = D56E975E16EBF27500A82296;
			productRefGroup = D56E976816EBF27500A82296 /* Products */;
			projectDirPath = "";
			projectRoot = "";
			targets = (
				D56E976616EBF27500A82296 /* ViewControllerAnimations */,
			);
		};
/* End PBXProject section */

/* Begin PBXResourcesBuildPhase section */
		D56E976516EBF27500A82296 /* Resources */ = {
			isa = PBXResourcesBuildPhase;
			buildActionMask = 2147483647;
			files = (
				D56E977516EBF27500A82296 /* InfoPlist.strings in Resources */,
				D56E977D16EBF27500A82296 /* Default.png in Resources */,
				D56E977F16EBF27500A82296 /* Default@2x.png in Resources */,
				D56E978116EBF27500A82296 /* Default-568h@2x.png in Resources */,
				D56E978716EBF27500A82296 /* ViewController.xib in Resources */,
				D56E979116EC32AE00A82296 /* OpcoesController.xib in Resources */,
			);
			runOnlyForDeploymentPostprocessing = 0;
		};
/* End PBXResourcesBuildPhase section */

/* Begin PBXSourcesBuildPhase section */
		D56E976316EBF27500A82296 /* Sources */ = {
			isa = PBXSourcesBuildPhase;
			buildActionMask = 2147483647;
			files = (
				D56E977716EBF27500A82296 /* main.m in Sources */,
				D56E977B16EBF27500A82296 /* AppDelegate.m in Sources */,
				D56E978416EBF27500A82296 /* ViewController.m in Sources */,
				D56E979016EC32AE00A82296 /* OpcoesController.m in Sources */,
			);
			runOnlyForDeploymentPostprocessing = 0;
		};
/* End PBXSourcesBuildPhase section */

/* Begin PBXVariantGroup section */
		D56E977316EBF27500A82296 /* InfoPlist.strings */ = {
			isa = PBXVariantGroup;
			children = (
				D56E977416EBF27500A82296 /* en */,
			);
			name = InfoPlist.strings;
			sourceTree = "<group>";
		};
		D56E978516EBF27500A82296 /* ViewController.xib */ = {
			isa = PBXVariantGroup;
			children = (
				D56E978616EBF27500A82296 /* en */,
			);
			name = ViewController.xib;
			sourceTree = "<group>";
		};
/* End PBXVariantGroup section */

/* Begin XCBuildConfiguration section */
		D56E978816EBF27500A82296 /* Debug */ = {
			isa = XCBuildConfiguration;
			buildSettings = {
				ALWAYS_SEARCH_USER_PATHS = NO;
				CLANG_CXX_LANGUAGE_STANDARD = "gnu++0x";
				CLANG_CXX_LIBRARY = "libc++";
				CLANG_WARN_CONSTANT_CONVERSION = YES;
				CLANG_WARN_EMPTY_BODY = YES;
				CLANG_WARN_ENUM_CONVERSION = YES;
				CLANG_WARN_INT_CONVERSION = YES;
				CLANG_WARN__DUPLICATE_METHOD_MATCH = YES;
				"CODE_SIGN_IDENTITY[sdk=iphoneos*]" = "iPhone Developer";
				COPY_PHASE_STRIP = NO;
				GCC_C_LANGUAGE_STANDARD = gnu99;
				GCC_DYNAMIC_NO_PIC = NO;
				GCC_OPTIMIZATION_LEVEL = 0;
				GCC_PREPROCESSOR_DEFINITIONS = (
					"DEBUG=1",
					"$(inherited)",
				);
				GCC_SYMBOLS_PRIVATE_EXTERN = NO;
				GCC_WARN_ABOUT_RETURN_TYPE = YES;
				GCC_WARN_UNINITIALIZED_AUTOS = YES;
				GCC_WARN_UNUSED_VARIABLE = YES;
				IPHONEOS_DEPLOYMENT_TARGET = 6.1;
				ONLY_ACTIVE_ARCH = YES;
				SDKROOT = iphoneos;
			};
			name = Debug;
		};
		D56E978916EBF27500A82296 /* Release */ = {
			isa = XCBuildConfiguration;
			buildSettings = {
				ALWAYS_SEARCH_USER_PATHS = NO;
				CLANG_CXX_LANGUAGE_STANDARD = "gnu++0x";
				CLANG_CXX_LIBRARY = "libc++";
				CLANG_WARN_CONSTANT_CONVERSION = YES;
				CLANG_WARN_EMPTY_BODY = YES;
				CLANG_WARN_ENUM_CONVERSION = YES;
				CLANG_WARN_INT_CONVERSION = YES;
				CLANG_WARN__DUPLICATE_METHOD_MATCH = YES;
				"CODE_SIGN_IDENTITY[sdk=iphoneos*]" = "iPhone Developer";
				COPY_PHASE_STRIP = YES;
				GCC_C_LANGUAGE_STANDARD = gnu99;
				GCC_WARN_ABOUT_RETURN_TYPE = YES;
				GCC_WARN_UNINITIALIZED_AUTOS = YES;
				GCC_WARN_UNUSED_VARIABLE = YES;
				IPHONEOS_DEPLOYMENT_TARGET = 6.1;
				OTHER_CFLAGS = "-DNS_BLOCK_ASSERTIONS=1";
				SDKROOT = iphoneos;
				VALIDATE_PRODUCT = YES;
			};
			name = Release;
		};
		D56E978B16EBF27500A82296 /* Debug */ = {
			isa = XCBuildConfiguration;
			buildSettings = {
				GCC_PRECOMPILE_PREFIX_HEADER = YES;
				GCC_PREFIX_HEADER = "ViewControllerAnimations/ViewControllerAnimations-Prefix.pch";
				INFOPLIST_FILE = "ViewControllerAnimations/ViewControllerAnimations-Info.plist";
				IPHONEOS_DEPLOYMENT_TARGET = 6.1;
				PRODUCT_NAME = "$(TARGET_NAME)";
				WRAPPER_EXTENSION = app;
			};
			name = Debug;
		};
		D56E978C16EBF27500A82296 /* Release */ = {
			isa = XCBuildConfiguration;
			buildSettings = {
				GCC_PRECOMPILE_PREFIX_HEADER = YES;
				GCC_PREFIX_HEADER = "ViewControllerAnimations/ViewControllerAnimations-Prefix.pch";
				INFOPLIST_FILE = "ViewControllerAnimations/ViewControllerAnimations-Info.plist";
				IPHONEOS_DEPLOYMENT_TARGET = 6.1;
				PRODUCT_NAME = "$(TARGET_NAME)";
				WRAPPER_EXTENSION = app;
			};
			name = Release;
		};
/* End XCBuildConfiguration section */

/* Begin XCConfigurationList section */
		D56E976216EBF27500A82296 /* Build configuration list for PBXProject "ViewControllerAnimations" */ = {
			isa = XCConfigurationList;
			buildConfigurations = (
				D56E978816EBF27500A82296 /* Debug */,
				D56E978916EBF27500A82296 /* Release */,
			);
			defaultConfigurationIsVisible = 0;
			defaultConfigurationName = Release;
		};
		D56E978A16EBF27500A82296 /* Build configuration list for PBXNativeTarget "ViewControllerAnimations" */ = {
			isa = XCConfigurationList;
			buildConfigurations = (
				D56E978B16EBF27500A82296 /* Debug */,
				D56E978C16EBF27500A82296 /* Release */,
			);
			defaultConfigurationIsVisible = 0;
		};
/* End XCConfigurationList section */
	};
	rootObject = D56E975F16EBF27500A82296 /* Project object */;
}
